
Microsoft Visual Studio Solution File, Format Version 12.00
# Visual Studio Version 16
VisualStudioVersion = 16.0.30413.136
MinimumVisualStudioVersion = 10.0.40219.1
Project("{FAE04EC0-301F-11D3-BF4B-00C04F79EFBC}") = "SauceDemoTest", "SauceDemoTest\SauceDemoTest.csproj", "{98FD2DD8-FC37-4D1F-ADA9-471638C6A90A}"
EndProject
Project("{FAE04EC0-301F-11D3-BF4B-00C04F79EFBC}") = "SauceDemoFramework", "SauceDemoFramework\SauceDemoFramework.csproj", "{35C9A71F-DB16-4D13-928B-E021F50FAF43}"
EndProject
Global
	GlobalSection(SolutionConfigurationPlatforms) = preSolution
		Debug|Any CPU = Debug|Any CPU
		Release|Any CPU = Release|Any CPU
	EndGlobalSection
	GlobalSection(ProjectConfigurationPlatforms) = postSolution
		{98FD2DD8-FC37-4D1F-ADA9-471638C6A90A}.Debug|Any CPU.ActiveCfg = Debug|Any CPU
		{98FD2DD8-FC37-4D1F-ADA9-471638C6A90A}.Debug|Any CPU.Build.0 = Debug|Any CPU
		{98FD2DD8-FC37-4D1F-ADA9-471638C6A90A}.Release|Any CPU.ActiveCfg = Release|Any CPU
		{98FD2DD8-FC37-4D1F-ADA9-471638C6A90A}.Release|Any CPU.Build.0 = Release|Any CPU
		{35C9A71F-DB16-4D13-928B-E021F50FAF43}.Debug|Any CPU.ActiveCfg = Debug|Any CPU
		{35C9A71F-DB16-4D13-928B-E021F50FAF43}.Debug|Any CPU.Build.0 = Debug|Any CPU
		{35C9A71F-DB16-4D13-928B-E021F50FAF43}.Release|Any CPU.ActiveCfg = Release|Any CPU
		{35C9A71F-DB16-4D13-928B-E021F50FAF43}.Release|Any CPU.Build.0 = Release|Any CPU
	EndGlobalSection
	GlobalSection(SolutionProperties) = preSolution
		HideSolutionNode = FALSE
	EndGlobalSection
	GlobalSection(ExtensibilityGlobals) = postSolution
		SolutionGuid = {3626B536-7BA2-4D6D-86C1-920E9A022E4C}
	EndGlobalSection
EndGlobal
